
Microsoft Visual Studio Solution File, Format Version 12.00
# Visual Studio 15
VisualStudioVersion = 15.0.27703.2035
MinimumVisualStudioVersion = 10.0.40219.1
Project("{FAE04EC0-301F-11D3-BF4B-00C04F79EFBC}") = "Calculadora", "Calculadora\Calculadora.csproj", "{7A1F83FE-0FD8-43A8-8425-12F271EB6B2E}"
EndProject
Project("{FAE04EC0-301F-11D3-BF4B-00C04F79EFBC}") = "Calculadora.Tests", "Calculadora.Tests\Calculadora.Tests.csproj", "{99DCFC81-FA58-4378-8229-1C7258D48FB8}"
EndProject
Global
	GlobalSection(SolutionConfigurationPlatforms) = preSolution
		Debug|Any CPU = Debug|Any CPU
		Release|Any CPU = Release|Any CPU
	EndGlobalSection
	GlobalSection(ProjectConfigurationPlatforms) = postSolution
		{7A1F83FE-0FD8-43A8-8425-12F271EB6B2E}.Debug|Any CPU.ActiveCfg = Debug|Any CPU
		{7A1F83FE-0FD8-43A8-8425-12F271EB6B2E}.Debug|Any CPU.Build.0 = Debug|Any CPU
		{7A1F83FE-0FD8-43A8-8425-12F271EB6B2E}.Release|Any CPU.ActiveCfg = Release|Any CPU
		{7A1F83FE-0FD8-43A8-8425-12F271EB6B2E}.Release|Any CPU.Build.0 = Release|Any CPU
		{99DCFC81-FA58-4378-8229-1C7258D48FB8}.Debug|Any CPU.ActiveCfg = Debug|Any CPU
		{99DCFC81-FA58-4378-8229-1C7258D48FB8}.Debug|Any CPU.Build.0 = Debug|Any CPU
		{99DCFC81-FA58-4378-8229-1C7258D48FB8}.Release|Any CPU.ActiveCfg = Release|Any CPU
		{99DCFC81-FA58-4378-8229-1C7258D48FB8}.Release|Any CPU.Build.0 = Release|Any CPU
	EndGlobalSection
	GlobalSection(SolutionProperties) = preSolution
		HideSolutionNode = FALSE
	EndGlobalSection
	GlobalSection(ExtensibilityGlobals) = postSolution
		SolutionGuid = {7382A096-956C-49F6-AF54-334F13143C98}
	EndGlobalSection
EndGlobal
